<?xml version="1.0" encoding="utf-8"?>
<Project ToolsVersion="4.0" xmlns="http://schemas.microsoft.com/developer/msbuild/2003">
  <ItemGroup>
    <Filter Include="Source Files">
      <UniqueIdentifier>{4FC737F1-C7A5-4376-A066-2A32D752A2FF}</UniqueIdentifier>
      <Extensions>cpp;c;cc;cxx;c++;cppm;ixx;def;odl;idl;hpj;bat;asm;asmx</Extensions>
    </Filter>
    <Filter Include="Header Files">
      <UniqueIdentifier>{93995380-89BD-4b04-88EB-625FBE52EBFB}</UniqueIdentifier>
      <Extensions>h;hh;hpp;hxx;h++;hm;inl;inc;ipp;xsd</Extensions>
    </Filter>
    <Filter Include="Resource Files">
      <UniqueIdentifier>{67DA6AB6-F800-4c08-8B7A-83BB121AAD01}</UniqueIdentifier>
      <Extensions>rc;ico;cur;bmp;dlg;rc2;rct;bin;rgs;gif;jpg;jpeg;jpe;resx;tiff;tif;png;wav;mfcribbon-ms</Extensions>
    </Filter>
  </ItemGroup>
  <ItemGroup>
    <ClCompile Include="src\Main.cpp">
      <Filter>Source Files</Filter>
    </ClCompile>
    <ClCompile Include="src\risk\Application.cpp">
      <Filter>Source Files</Filter>
    </ClCompile>
    <ClCompile Include="src\core\Terminal.cpp">
      <Filter>Source Files</Filter>
    </ClCompile>
    <ClCompile Include="src\debug\Log.cpp">
      <Filter>Source Files</Filter>
    </ClCompile>
    <ClCompile Include="src\risk\RiskLogger.cpp">
      <Filter>Source Files</Filter>
    </ClCompile>
    <ClCompile Include="src\resources\Collection.cpp">
      <Filter>Source Files</Filter>
    </ClCompile>
    <ClCompile Include="src\resources\Resource.cpp">
      <Filter>Source Files</Filter>
    </ClCompile>
    <ClCompile Include="src\resources\FilteredCollectionView.cpp">
      <Filter>Source Files</Filter>
    </ClCompile>
    <ClCompile Include="src\resources\filters\FileExtensionResourceFilter.cpp">
      <Filter>Source Files</Filter>
    </ClCompile>
    <ClCompile Include="src\risk\RiskResources.cpp">
      <Filter>Source Files</Filter>
    </ClCompile>
    <ClCompile Include="src\risk\MapFile.cpp">
      <Filter>Source Files</Filter>
    </ClCompile>
    <ClCompile Include="src\risk\Map.cpp">
      <Filter>Source Files</Filter>
    </ClCompile>
    <ClCompile Include="src\risk\Territory.cpp">
      <Filter>Source Files</Filter>
    </ClCompile>
    <ClCompile Include="src\risk\Player.cpp">
      <Filter>Source Files</Filter>
    </ClCompile>
    <ClCompile Include="src\risk\Continent.cpp">
      <Filter>Source Files</Filter>
    </ClCompile>
    <ClCompile Include="src\risk\MapLoader.cpp">
      <Filter>Source Files</Filter>
    </ClCompile>
    <ClCompile Include="src\risk\TerminalPlayerDialogue.cpp">
      <Filter>Source Files</Filter>
    </ClCompile>
    <ClCompile Include="src\risk\TerminalUserInterface.cpp">
      <Filter>Source Files</Filter>
    </ClCompile>
    <ClCompile Include="src\risk\Game.cpp">
      <Filter>Source Files</Filter>
    </ClCompile>
    <ClCompile Include="src\risk\GameEngine.cpp">
      <Filter>Source Files</Filter>
    </ClCompile>
    <ClCompile Include="src\risk\BaseGameState.cpp">
      <Filter>Source Files</Filter>
    </ClCompile>
    <ClCompile Include="src\risk\states\WelcomeState.cpp">
      <Filter>Source Files</Filter>
    </ClCompile>
  </ItemGroup>
  <ItemGroup>
    <ClInclude Include="src\risk\Application.h">
      <Filter>Header Files</Filter>
    </ClInclude>
    <ClInclude Include="src\core\Terminal.h">
      <Filter>Header Files</Filter>
    </ClInclude>
    <ClInclude Include="src\debug\Log.h">
      <Filter>Header Files</Filter>
    </ClInclude>
    <ClInclude Include="src\risk\Logging.h">
      <Filter>Header Files</Filter>
    </ClInclude>
    <ClInclude Include="src\risk\RiskLogger.h">
      <Filter>Header Files</Filter>
    </ClInclude>
    <ClInclude Include="src\resources\Collection.h">
      <Filter>Header Files</Filter>
    </ClInclude>
    <ClInclude Include="src\resources\Resource.h">
      <Filter>Header Files</Filter>
    </ClInclude>
    <ClInclude Include="src\resources\IResourceFilter.h">
      <Filter>Header Files</Filter>
    </ClInclude>
    <ClInclude Include="src\resources\FilteredCollectionView.h">
      <Filter>Header Files</Filter>
    </ClInclude>
    <ClInclude Include="src\resources\filters\FileExtensionResourceFilter.h">
      <Filter>Header Files</Filter>
    </ClInclude>
    <ClInclude Include="src\risk\RiskResources.h">
      <Filter>Header Files</Filter>
    </ClInclude>
    <ClInclude Include="src\risk\MapFile.h">
      <Filter>Header Files</Filter>
    </ClInclude>
    <ClInclude Include="src\risk\Map.h">
      <Filter>Header Files</Filter>
    </ClInclude>
    <ClInclude Include="src\risk\Territory.h">
      <Filter>Header Files</Filter>
    </ClInclude>
    <ClInclude Include="src\risk\Player.h">
      <Filter>Header Files</Filter>
    </ClInclude>
    <ClInclude Include="src\risk\Continent.h">
      <Filter>Header Files</Filter>
    </ClInclude>
    <ClInclude Include="src\risk\MapLoader.h">
      <Filter>Header Files</Filter>
    </ClInclude>
    <ClInclude Include="src\risk\ICard.h">
      <Filter>Header Files</Filter>
    </ClInclude>
    <ClInclude Include="src\risk\CardPlayContext.h">
      <Filter>Header Files</Filter>
    </ClInclude>
    <ClInclude Include="src\risk\CommandExecutionContext.h">
      <Filter>Header Files</Filter>
    </ClInclude>
    <ClInclude Include="src\risk\IPlayerDialogue.h">
      <Filter>Header Files</Filter>
    </ClInclude>
    <ClInclude Include="src\risk\TerminalPlayerDialogue.h">
      <Filter>Header Files</Filter>
    </ClInclude>
    <ClInclude Include="src\risk\IUserInterface.h">
      <Filter>Header Files</Filter>
    </ClInclude>
    <ClInclude Include="src\risk\TerminalUserInterface.h">
      <Filter>Header Files</Filter>
    </ClInclude>
    <ClInclude Include="src\risk\Game.h">
      <Filter>Header Files</Filter>
    </ClInclude>
    <ClInclude Include="src\risk\GameEngine.h">
      <Filter>Header Files</Filter>
    </ClInclude>
    <ClInclude Include="src\risk\BaseGameState.h">
      <Filter>Header Files</Filter>
    </ClInclude>
    <ClInclude Include="src\risk\states\WelcomeState.h">
      <Filter>Header Files</Filter>
    </ClInclude>
  </ItemGroup>
</Project>